
Microsoft Visual Studio Solution File, Format Version 12.00
# Visual Studio Version 17
VisualStudioVersion = 17.14.36301.6 d17.14
MinimumVisualStudioVersion = 10.0.40219.1
Project("{FAE04EC0-301F-11D3-BF4B-00C04F79EFBC}") = "Reverse Only Letters", "Reverse Only Letters\Reverse Only Letters.csproj", "{D76D8C77-14B0-4339-B02E-636BE4E87705}"
EndProject
Global
	GlobalSection(SolutionConfigurationPlatforms) = preSolution
		Debug|Any CPU = Debug|Any CPU
		Release|Any CPU = Release|Any CPU
	EndGlobalSection
	GlobalSection(ProjectConfigurationPlatforms) = postSolution
		{D76D8C77-14B0-4339-B02E-636BE4E87705}.Debug|Any CPU.ActiveCfg = Debug|Any CPU
		{D76D8C77-14B0-4339-B02E-636BE4E87705}.Debug|Any CPU.Build.0 = Debug|Any CPU
		{D76D8C77-14B0-4339-B02E-636BE4E87705}.Release|Any CPU.ActiveCfg = Release|Any CPU
		{D76D8C77-14B0-4339-B02E-636BE4E87705}.Release|Any CPU.Build.0 = Release|Any CPU
	EndGlobalSection
	GlobalSection(SolutionProperties) = preSolution
		HideSolutionNode = FALSE
	EndGlobalSection
	GlobalSection(ExtensibilityGlobals) = postSolution
		SolutionGuid = {DE120F46-F60D-4A83-9A5A-DA784D59D1B7}
	EndGlobalSection
EndGlobal
